Microsoft Visual Studio Solution File, Format Version 12.00
# Visual Studio 15
VisualStudioVersion = 15.0.26730.15
MinimumVisualStudioVersion = 15.0.26124.0
Project("{2150E333-8FDC-42A3-9474-1A3956D46DE8}") = "src", "src", "{BE4F99A0-C2BB-4F3E-A81F-6B98D957A749}"
EndProject
Project("{9A19103F-16F7-4668-BE54-9A1E7A4F7556}") = "Antauri.Core", "src\Antauri.Core\Antauri.Core.csproj", "{9D4F96D4-D455-4D7C-9C02-D102F08A6D49}"
EndProject
Project("{9A19103F-16F7-4668-BE54-9A1E7A4F7556}") = "Antauri.Node", "src\Antauri.Node\Antauri.Node.csproj", "{845047CC-39E5-461A-BE49-5930E51AA79A}"
EndProject
Project("{2150E333-8FDC-42A3-9474-1A3956D46DE8}") = "tests", "tests", "{DFDC5FC7-7F58-4491-89B5-6D0A818EDB59}"
EndProject
Project("{9A19103F-16F7-4668-BE54-9A1E7A4F7556}") = "Antauri.Core.Tests", "tests\Antauri.Core.Tests\Antauri.Core.Tests.csproj", "{579A7270-DBC6-4DE5-9983-9D007FD655BA}"
EndProject
Project("{9A19103F-16F7-4668-BE54-9A1E7A4F7556}") = "Antauri.AspNetCore", "src\Antauri.AspNetCore\Antauri.AspNetCore.csproj", "{4DBAA146-A60F-480B-AF30-8E8C2A31DE1D}"
EndProject
Project("{9A19103F-16F7-4668-BE54-9A1E7A4F7556}") = "Antauri.Contracts", "src\Antauri.Contracts\Antauri.Contracts.csproj", "{83DC8CEE-D6BA-4885-9FAF-063DE9D4D6FA}"
EndProject
Project("{9A19103F-16F7-4668-BE54-9A1E7A4F7556}") = "Antauri.Network", "src\Antauri.Network\Antauri.Network.csproj", "{EBFCEE77-D7CC-491F-8263-01EC325F3714}"
EndProject
Project("{9A19103F-16F7-4668-BE54-9A1E7A4F7556}") = "Antauri.Transactions", "src\Antauri.Transactions\Antauri.Transactions.csproj", "{CF512223-4F47-437C-AA7F-025351A66640}"
EndProject
Project("{2150E333-8FDC-42A3-9474-1A3956D46DE8}") = "Networking", "Networking", "{39688C88-475F-4336-B09B-782832E2E771}"
EndProject
Project("{9A19103F-16F7-4668-BE54-9A1E7A4F7556}") = "Antauri.Network.WebSockets", "src\Networking\Antauri.Network.WebSockets\Antauri.Network.WebSockets.csproj", "{407E42DE-508C-4FEC-B5C8-B37FCED63990}"
EndProject
Project("{2150E333-8FDC-42A3-9474-1A3956D46DE8}") = "Explorer", "Explorer", "{97AF9D7A-8456-45E5-9CF6-AF461C04CD4D}"
EndProject
Project("{9A19103F-16F7-4668-BE54-9A1E7A4F7556}") = "Antauri.WebExplorer", "src\Explorer\Antauri.WebExplorer\Antauri.WebExplorer.csproj", "{9675BB77-5084-4258-AA91-D16C5C260183}"
EndProject
Global
	GlobalSection(SolutionConfigurationPlatforms) = preSolution
		Debug|Any CPU = Debug|Any CPU
		Debug|x64 = Debug|x64
		Debug|x86 = Debug|x86
		Release|Any CPU = Release|Any CPU
		Release|x64 = Release|x64
		Release|x86 = Release|x86
	EndGlobalSection
	GlobalSection(ProjectConfigurationPlatforms) = postSolution
		{9D4F96D4-D455-4D7C-9C02-D102F08A6D49}.Debug|Any CPU.ActiveCfg = Debug|Any CPU
		{9D4F96D4-D455-4D7C-9C02-D102F08A6D49}.Debug|Any CPU.Build.0 = Debug|Any CPU
		{9D4F96D4-D455-4D7C-9C02-D102F08A6D49}.Debug|x64.ActiveCfg = Debug|Any CPU
		{9D4F96D4-D455-4D7C-9C02-D102F08A6D49}.Debug|x64.Build.0 = Debug|Any CPU
		{9D4F96D4-D455-4D7C-9C02-D102F08A6D49}.Debug|x86.ActiveCfg = Debug|Any CPU
		{9D4F96D4-D455-4D7C-9C02-D102F08A6D49}.Debug|x86.Build.0 = Debug|Any CPU
		{9D4F96D4-D455-4D7C-9C02-D102F08A6D49}.Release|Any CPU.ActiveCfg = Release|Any CPU
		{9D4F96D4-D455-4D7C-9C02-D102F08A6D49}.Release|Any CPU.Build.0 = Release|Any CPU
		{9D4F96D4-D455-4D7C-9C02-D102F08A6D49}.Release|x64.ActiveCfg = Release|Any CPU
		{9D4F96D4-D455-4D7C-9C02-D102F08A6D49}.Release|x64.Build.0 = Release|Any CPU
		{9D4F96D4-D455-4D7C-9C02-D102F08A6D49}.Release|x86.ActiveCfg = Release|Any CPU
		{9D4F96D4-D455-4D7C-9C02-D102F08A6D49}.Release|x86.Build.0 = Release|Any CPU
		{845047CC-39E5-461A-BE49-5930E51AA79A}.Debug|Any CPU.ActiveCfg = Debug|Any CPU
		{845047CC-39E5-461A-BE49-5930E51AA79A}.Debug|Any CPU.Build.0 = Debug|Any CPU
		{845047CC-39E5-461A-BE49-5930E51AA79A}.Debug|x64.ActiveCfg = Debug|Any CPU
		{845047CC-39E5-461A-BE49-5930E51AA79A}.Debug|x64.Build.0 = Debug|Any CPU
		{845047CC-39E5-461A-BE49-5930E51AA79A}.Debug|x86.ActiveCfg = Debug|Any CPU
		{845047CC-39E5-461A-BE49-5930E51AA79A}.Debug|x86.Build.0 = Debug|Any CPU
		{845047CC-39E5-461A-BE49-5930E51AA79A}.Release|Any CPU.ActiveCfg = Release|Any CPU
		{845047CC-39E5-461A-BE49-5930E51AA79A}.Release|Any CPU.Build.0 = Release|Any CPU
		{845047CC-39E5-461A-BE49-5930E51AA79A}.Release|x64.ActiveCfg = Release|Any CPU
		{845047CC-39E5-461A-BE49-5930E51AA79A}.Release|x64.Build.0 = Release|Any CPU
		{845047CC-39E5-461A-BE49-5930E51AA79A}.Release|x86.ActiveCfg = Release|Any CPU
		{845047CC-39E5-461A-BE49-5930E51AA79A}.Release|x86.Build.0 = Release|Any CPU
		{579A7270-DBC6-4DE5-9983-9D007FD655BA}.Debug|Any CPU.ActiveCfg = Debug|Any CPU
		{579A7270-DBC6-4DE5-9983-9D007FD655BA}.Debug|Any CPU.Build.0 = Debug|Any CPU
		{579A7270-DBC6-4DE5-9983-9D007FD655BA}.Debug|x64.ActiveCfg = Debug|Any CPU
		{579A7270-DBC6-4DE5-9983-9D007FD655BA}.Debug|x64.Build.0 = Debug|Any CPU
		{579A7270-DBC6-4DE5-9983-9D007FD655BA}.Debug|x86.ActiveCfg = Debug|Any CPU
		{579A7270-DBC6-4DE5-9983-9D007FD655BA}.Debug|x86.Build.0 = Debug|Any CPU
		{579A7270-DBC6-4DE5-9983-9D007FD655BA}.Release|Any CPU.ActiveCfg = Release|Any CPU
		{579A7270-DBC6-4DE5-9983-9D007FD655BA}.Release|Any CPU.Build.0 = Release|Any CPU
		{579A7270-DBC6-4DE5-9983-9D007FD655BA}.Release|x64.ActiveCfg = Release|Any CPU
		{579A7270-DBC6-4DE5-9983-9D007FD655BA}.Release|x64.Build.0 = Release|Any CPU
		{579A7270-DBC6-4DE5-9983-9D007FD655BA}.Release|x86.ActiveCfg = Release|Any CPU
		{579A7270-DBC6-4DE5-9983-9D007FD655BA}.Release|x86.Build.0 = Release|Any CPU
		{4DBAA146-A60F-480B-AF30-8E8C2A31DE1D}.Debug|Any CPU.ActiveCfg = Debug|Any CPU
		{4DBAA146-A60F-480B-AF30-8E8C2A31DE1D}.Debug|Any CPU.Build.0 = Debug|Any CPU
		{4DBAA146-A60F-480B-AF30-8E8C2A31DE1D}.Debug|x64.ActiveCfg = Debug|Any CPU
		{4DBAA146-A60F-480B-AF30-8E8C2A31DE1D}.Debug|x64.Build.0 = Debug|Any CPU
		{4DBAA146-A60F-480B-AF30-8E8C2A31DE1D}.Debug|x86.ActiveCfg = Debug|Any CPU
		{4DBAA146-A60F-480B-AF30-8E8C2A31DE1D}.Debug|x86.Build.0 = Debug|Any CPU
		{4DBAA146-A60F-480B-AF30-8E8C2A31DE1D}.Release|Any CPU.ActiveCfg = Release|Any CPU
		{4DBAA146-A60F-480B-AF30-8E8C2A31DE1D}.Release|Any CPU.Build.0 = Release|Any CPU
		{4DBAA146-A60F-480B-AF30-8E8C2A31DE1D}.Release|x64.ActiveCfg = Release|Any CPU
		{4DBAA146-A60F-480B-AF30-8E8C2A31DE1D}.Release|x64.Build.0 = Release|Any CPU
		{4DBAA146-A60F-480B-AF30-8E8C2A31DE1D}.Release|x86.ActiveCfg = Release|Any CPU
		{4DBAA146-A60F-480B-AF30-8E8C2A31DE1D}.Release|x86.Build.0 = Release|Any CPU
		{83DC8CEE-D6BA-4885-9FAF-063DE9D4D6FA}.Debug|Any CPU.ActiveCfg = Debug|Any CPU
		{83DC8CEE-D6BA-4885-9FAF-063DE9D4D6FA}.Debug|Any CPU.Build.0 = Debug|Any CPU
		{83DC8CEE-D6BA-4885-9FAF-063DE9D4D6FA}.Debug|x64.ActiveCfg = Debug|Any CPU
		{83DC8CEE-D6BA-4885-9FAF-063DE9D4D6FA}.Debug|x64.Build.0 = Debug|Any CPU
		{83DC8CEE-D6BA-4885-9FAF-063DE9D4D6FA}.Debug|x86.ActiveCfg = Debug|Any CPU
		{83DC8CEE-D6BA-4885-9FAF-063DE9D4D6FA}.Debug|x86.Build.0 = Debug|Any CPU
		{83DC8CEE-D6BA-4885-9FAF-063DE9D4D6FA}.Release|Any CPU.ActiveCfg = Release|Any CPU
		{83DC8CEE-D6BA-4885-9FAF-063DE9D4D6FA}.Release|Any CPU.Build.0 = Release|Any CPU
		{83DC8CEE-D6BA-4885-9FAF-063DE9D4D6FA}.Release|x64.ActiveCfg = Release|Any CPU
		{83DC8CEE-D6BA-4885-9FAF-063DE9D4D6FA}.Release|x64.Build.0 = Release|Any CPU
		{83DC8CEE-D6BA-4885-9FAF-063DE9D4D6FA}.Release|x86.ActiveCfg = Release|Any CPU
		{83DC8CEE-D6BA-4885-9FAF-063DE9D4D6FA}.Release|x86.Build.0 = Release|Any CPU
		{EBFCEE77-D7CC-491F-8263-01EC325F3714}.Debug|Any CPU.ActiveCfg = Debug|Any CPU
		{EBFCEE77-D7CC-491F-8263-01EC325F3714}.Debug|Any CPU.Build.0 = Debug|Any CPU
		{EBFCEE77-D7CC-491F-8263-01EC325F3714}.Debug|x64.ActiveCfg = Debug|Any CPU
		{EBFCEE77-D7CC-491F-8263-01EC325F3714}.Debug|x64.Build.0 = Debug|Any CPU
		{EBFCEE77-D7CC-491F-8263-01EC325F3714}.Debug|x86.ActiveCfg = Debug|Any CPU
		{EBFCEE77-D7CC-491F-8263-01EC325F3714}.Debug|x86.Build.0 = Debug|Any CPU
		{EBFCEE77-D7CC-491F-8263-01EC325F3714}.Release|Any CPU.ActiveCfg = Release|Any CPU
		{EBFCEE77-D7CC-491F-8263-01EC325F3714}.Release|Any CPU.Build.0 = Release|Any CPU
		{EBFCEE77-D7CC-491F-8263-01EC325F3714}.Release|x64.ActiveCfg = Release|Any CPU
		{EBFCEE77-D7CC-491F-8263-01EC325F3714}.Release|x64.Build.0 = Release|Any CPU
		{EBFCEE77-D7CC-491F-8263-01EC325F3714}.Release|x86.ActiveCfg = Release|Any CPU
		{EBFCEE77-D7CC-491F-8263-01EC325F3714}.Release|x86.Build.0 = Release|Any CPU
		{CF512223-4F47-437C-AA7F-025351A66640}.Debug|Any CPU.ActiveCfg = Debug|Any CPU
		{CF512223-4F47-437C-AA7F-025351A66640}.Debug|Any CPU.Build.0 = Debug|Any CPU
		{CF512223-4F47-437C-AA7F-025351A66640}.Debug|x64.ActiveCfg = Debug|Any CPU
		{CF512223-4F47-437C-AA7F-025351A66640}.Debug|x64.Build.0 = Debug|Any CPU
		{CF512223-4F47-437C-AA7F-025351A66640}.Debug|x86.ActiveCfg = Debug|Any CPU
		{CF512223-4F47-437C-AA7F-025351A66640}.Debug|x86.Build.0 = Debug|Any CPU
		{CF512223-4F47-437C-AA7F-025351A66640}.Release|Any CPU.ActiveCfg = Release|Any CPU
		{CF512223-4F47-437C-AA7F-025351A66640}.Release|Any CPU.Build.0 = Release|Any CPU
		{CF512223-4F47-437C-AA7F-025351A66640}.Release|x64.ActiveCfg = Release|Any CPU
		{CF512223-4F47-437C-AA7F-025351A66640}.Release|x64.Build.0 = Release|Any CPU
		{CF512223-4F47-437C-AA7F-025351A66640}.Release|x86.ActiveCfg = Release|Any CPU
		{CF512223-4F47-437C-AA7F-025351A66640}.Release|x86.Build.0 = Release|Any CPU
		{407E42DE-508C-4FEC-B5C8-B37FCED63990}.Debug|Any CPU.ActiveCfg = Debug|Any CPU
		{407E42DE-508C-4FEC-B5C8-B37FCED63990}.Debug|Any CPU.Build.0 = Debug|Any CPU
		{407E42DE-508C-4FEC-B5C8-B37FCED63990}.Debug|x64.ActiveCfg = Debug|Any CPU
		{407E42DE-508C-4FEC-B5C8-B37FCED63990}.Debug|x64.Build.0 = Debug|Any CPU
		{407E42DE-508C-4FEC-B5C8-B37FCED63990}.Debug|x86.ActiveCfg = Debug|Any CPU
		{407E42DE-508C-4FEC-B5C8-B37FCED63990}.Debug|x86.Build.0 = Debug|Any CPU
		{407E42DE-508C-4FEC-B5C8-B37FCED63990}.Release|Any CPU.ActiveCfg = Release|Any CPU
		{407E42DE-508C-4FEC-B5C8-B37FCED63990}.Release|Any CPU.Build.0 = Release|Any CPU
		{407E42DE-508C-4FEC-B5C8-B37FCED63990}.Release|x64.ActiveCfg = Release|Any CPU
		{407E42DE-508C-4FEC-B5C8-B37FCED63990}.Release|x64.Build.0 = Release|Any CPU
		{407E42DE-508C-4FEC-B5C8-B37FCED63990}.Release|x86.ActiveCfg = Release|Any CPU
		{407E42DE-508C-4FEC-B5C8-B37FCED63990}.Release|x86.Build.0 = Release|Any CPU
		{9675BB77-5084-4258-AA91-D16C5C260183}.Debug|Any CPU.ActiveCfg = Debug|Any CPU
		{9675BB77-5084-4258-AA91-D16C5C260183}.Debug|Any CPU.Build.0 = Debug|Any CPU
		{9675BB77-5084-4258-AA91-D16C5C260183}.Debug|x64.ActiveCfg = Debug|Any CPU
		{9675BB77-5084-4258-AA91-D16C5C260183}.Debug|x64.Build.0 = Debug|Any CPU
		{9675BB77-5084-4258-AA91-D16C5C260183}.Debug|x86.ActiveCfg = Debug|Any CPU
		{9675BB77-5084-4258-AA91-D16C5C260183}.Debug|x86.Build.0 = Debug|Any CPU
		{9675BB77-5084-4258-AA91-D16C5C260183}.Release|Any CPU.ActiveCfg = Release|Any CPU
		{9675BB77-5084-4258-AA91-D16C5C260183}.Release|Any CPU.Build.0 = Release|Any CPU
		{9675BB77-5084-4258-AA91-D16C5C260183}.Release|x64.ActiveCfg = Release|Any CPU
		{9675BB77-5084-4258-AA91-D16C5C260183}.Release|x64.Build.0 = Release|Any CPU
		{9675BB77-5084-4258-AA91-D16C5C260183}.Release|x86.ActiveCfg = Release|Any CPU
		{9675BB77-5084-4258-AA91-D16C5C260183}.Release|x86.Build.0 = Release|Any CPU
	EndGlobalSection
	GlobalSection(SolutionProperties) = preSolution
		HideSolutionNode = FALSE
	EndGlobalSection
	GlobalSection(NestedProjects) = preSolution
		{9D4F96D4-D455-4D7C-9C02-D102F08A6D49} = {BE4F99A0-C2BB-4F3E-A81F-6B98D957A749}
		{845047CC-39E5-461A-BE49-5930E51AA79A} = {BE4F99A0-C2BB-4F3E-A81F-6B98D957A749}
		{579A7270-DBC6-4DE5-9983-9D007FD655BA} = {DFDC5FC7-7F58-4491-89B5-6D0A818EDB59}
		{4DBAA146-A60F-480B-AF30-8E8C2A31DE1D} = {BE4F99A0-C2BB-4F3E-A81F-6B98D957A749}
		{83DC8CEE-D6BA-4885-9FAF-063DE9D4D6FA} = {BE4F99A0-C2BB-4F3E-A81F-6B98D957A749}
		{EBFCEE77-D7CC-491F-8263-01EC325F3714} = {BE4F99A0-C2BB-4F3E-A81F-6B98D957A749}
		{CF512223-4F47-437C-AA7F-025351A66640} = {BE4F99A0-C2BB-4F3E-A81F-6B98D957A749}
		{39688C88-475F-4336-B09B-782832E2E771} = {BE4F99A0-C2BB-4F3E-A81F-6B98D957A749}
		{407E42DE-508C-4FEC-B5C8-B37FCED63990} = {39688C88-475F-4336-B09B-782832E2E771}
		{97AF9D7A-8456-45E5-9CF6-AF461C04CD4D} = {BE4F99A0-C2BB-4F3E-A81F-6B98D957A749}
		{9675BB77-5084-4258-AA91-D16C5C260183} = {97AF9D7A-8456-45E5-9CF6-AF461C04CD4D}
	EndGlobalSection
	GlobalSection(ExtensibilityGlobals) = postSolution
		SolutionGuid = {FD10E905-25BC-442D-BAE8-9AB317BA81AE}
	EndGlobalSection
EndGlobal
